// !$*UTF8*$!
{
	archiveVersion = 1;
	classes = {
	};
	objectVersion = 50;
	objects = {

/* Begin PBXBuildFile section */
		B9AFE73B2765CE8200B3605F /* AppDelegate.swift in Sources */ = {isa = PBXBuildFile; fileRef = B9AFE73A2765CE8200B3605F /* AppDelegate.swift */; };
		B9AFE73D2765CE8200B3605F /* SceneDelegate.swift in Sources */ = {isa = PBXBuildFile; fileRef = B9AFE73C2765CE8200B3605F /* SceneDelegate.swift */; };
		B9AFE73F2765CE8200B3605F /* ViewController.swift in Sources */ = {isa = PBXBuildFile; fileRef = B9AFE73E2765CE8200B3605F /* ViewController.swift */; };
		B9AFE7422765CE8200B3605F /* Main.storyboard in Resources */ = {isa = PBXBuildFile; fileRef = B9AFE7402765CE8200B3605F /* Main.storyboard */; };
		B9AFE7442765CE8500B3605F /* Assets.xcassets in Resources */ = {isa = PBXBuildFile; fileRef = B9AFE7432765CE8500B3605F /* Assets.xcassets */; };
		B9AFE7472765CE8500B3605F /* LaunchScreen.storyboard in Resources */ = {isa = PBXBuildFile; fileRef = B9AFE7452765CE8500B3605F /* LaunchScreen.storyboard */; };
		B9AFE74F2765CFB100B3605F /* GViewController.swift in Sources */ = {isa = PBXBuildFile; fileRef = B9AFE74E2765CFB100B3605F /* GViewController.swift */; };
		B9AFE7512765D23100B3605F /* SiteRequest.swift in Sources */ = {isa = PBXBuildFile; fileRef = B9AFE7502765D23100B3605F /* SiteRequest.swift */; };
/* End PBXBuildFile section */

/* Begin PBXFileReference section */
		B9AFE7372765CE8200B3605F /* Quiz14-01.app */ = {isa = PBXFileReference; explicitFileType = wrapper.application; includeInIndex = 0; path = "Quiz14-01.app"; sourceTree = BUILT_PRODUCTS_DIR; };
		B9AFE73A2765CE8200B3605F /* AppDelegate.swift */ = {isa = PBXFileReference; lastKnownFileType = sourcecode.swift; path = AppDelegate.swift; sourceTree = "<group>"; };
		B9AFE73C2765CE8200B3605F /* SceneDelegate.swift */ = {isa = PBXFileReference; lastKnownFileType = sourcecode.swift; path = SceneDelegate.swift; sourceTree = "<group>"; };
		B9AFE73E2765CE8200B3605F /* ViewController.swift */ = {isa = PBXFileReference; lastKnownFileType = sourcecode.swift; path = ViewController.swift; sourceTree = "<group>"; };
		B9AFE7412765CE8200B3605F /* Base */ = {isa = PBXFileReference; lastKnownFileType = file.storyboard; name = Base; path = Base.lproj/Main.storyboard; sourceTree = "<group>"; };
		B9AFE7432765CE8500B3605F /* Assets.xcassets */ = {isa = PBXFileReference; lastKnownFileType = folder.assetcatalog; path = Assets.xcassets; sourceTree = "<group>"; };
		B9AFE7462765CE8500B3605F /* Base */ = {isa = PBXFileReference; lastKnownFileType = file.storyboard; name = Base; path = Base.lproj/LaunchScreen.storyboard; sourceTree = "<group>"; };
		B9AFE7482765CE8500B3605F /* Info.plist */ = {isa = PBXFileReference; lastKnownFileType = text.plist.xml; path = Info.plist; sourceTree = "<group>"; };
		B9AFE74E2765CFB100B3605F /* GViewController.swift */ = {isa = PBXFileReference; lastKnownFileType = sourcecode.swift; path = GViewController.swift; sourceTree = "<group>"; };
		B9AFE7502765D23100B3605F /* SiteRequest.swift */ = {isa = PBXFileReference; lastKnownFileType = sourcecode.swift; path = SiteRequest.swift; sourceTree = "<group>"; };
/* End PBXFileReference section */

/* Begin PBXFrameworksBuildPhase section */
		B9AFE7342765CE8200B3605F /* Frameworks */ = {
			isa = PBXFrameworksBuildPhase;
			buildActionMask = 2147483647;
			files = (
			);
			runOnlyForDeploymentPostprocessing = 0;
		};
/* End PBXFrameworksBuildPhase section */

/* Begin PBXGroup section */
		B9AFE72E2765CE8200B3605F = {
			isa = PBXGroup;
			children = (
				B9AFE7392765CE8200B3605F /* Quiz14-01 */,
				B9AFE7382765CE8200B3605F /* Products */,
			);
			sourceTree = "<group>";
		};
		B9AFE7382765CE8200B3605F /* Products */ = {
			isa = PBXGroup;
			children = (
				B9AFE7372765CE8200B3605F /* Quiz14-01.app */,
			);
			name = Products;
			sourceTree = "<group>";
		};
		B9AFE7392765CE8200B3605F /* Quiz14-01 */ = {
			isa = PBXGroup;
			children = (
				B9AFE73A2765CE8200B3605F /* AppDelegate.swift */,
				B9AFE73C2765CE8200B3605F /* SceneDelegate.swift */,
				B9AFE73E2765CE8200B3605F /* ViewController.swift */,
				B9AFE74E2765CFB100B3605F /* GViewController.swift */,
				B9AFE7502765D23100B3605F /* SiteRequest.swift */,
				B9AFE7402765CE8200B3605F /* Main.storyboard */,
				B9AFE7432765CE8500B3605F /* Assets.xcassets */,
				B9AFE7452765CE8500B3605F /* LaunchScreen.storyboard */,
				B9AFE7482765CE8500B3605F /* Info.plist */,
			);
			path = "Quiz14-01";
			sourceTree = "<group>";
		};
/* End PBXGroup section */

/* Begin PBXNativeTarget section */
		B9AFE7362765CE8200B3605F /* Quiz14-01 */ = {
			isa = PBXNativeTarget;
			buildConfigurationList = B9AFE74B2765CE8500B3605F /* Build configuration list for PBXNativeTarget "Quiz14-01" */;
			buildPhases = (
				B9AFE7332765CE8200B3605F /* Sources */,
				B9AFE7342765CE8200B3605F /* Frameworks */,
				B9AFE7352765CE8200B3605F /* Resources */,
			);
			buildRules = (
			);
			dependencies = (
			);
			name = "Quiz14-01";
			productName = "Quiz14-01";
			productReference = B9AFE7372765CE8200B3605F /* Quiz14-01.app */;
			productType = "com.apple.product-type.application";
		};
/* End PBXNativeTarget section */

/* Begin PBXProject section */
		B9AFE72F2765CE8200B3605F /* Project object */ = {
			isa = PBXProject;
			attributes = {
				LastSwiftUpdateCheck = 1250;
				LastUpgradeCheck = 1250;
				TargetAttributes = {
					B9AFE7362765CE8200B3605F = {
						CreatedOnToolsVersion = 12.5.1;
					};
				};
			};
			buildConfigurationList = B9AFE7322765CE8200B3605F /* Build configuration list for PBXProject "Quiz14-01" */;
			compatibilityVersion = "Xcode 9.3";
			developmentRegion = en;
			hasScannedForEncodings = 0;
			knownRegions = (
				en,
				Base,
			);
			mainGroup = B9AFE72E2765CE8200B3605F;
			productRefGroup = B9AFE7382765CE8200B3605F /* Products */;
			projectDirPath = "";
			projectRoot = "";
			targets = (
				B9AFE7362765CE8200B3605F /* Quiz14-01 */,
			);
		};
/* End PBXProject section */

/* Begin PBXResourcesBuildPhase section */
		B9AFE7352765CE8200B3605F /* Resources */ = {
			isa = PBXResourcesBuildPhase;
			buildActionMask = 2147483647;
			files = (
				B9AFE7472765CE8500B3605F /* LaunchScreen.storyboard in Resources */,
				B9AFE7442765CE8500B3605F /* Assets.xcassets in Resources */,
				B9AFE7422765CE8200B3605F /* Main.storyboard in Resources */,
			);
			runOnlyForDeploymentPostprocessing = 0;
		};
/* End PBXResourcesBuildPhase section */

/* Begin PBXSourcesBuildPhase section */
		B9AFE7332765CE8200B3605F /* Sources */ = {
			isa = PBXSourcesBuildPhase;
			buildActionMask = 2147483647;
			files = (
				B9AFE73F2765CE8200B3605F /* ViewController.swift in Sources */,
				B9AFE73B2765CE8200B3605F /* AppDelegate.swift in Sources */,
				B9AFE74F2765CFB100B3605F /* GViewController.swift in Sources */,
				B9AFE73D2765CE8200B3605F /* SceneDelegate.swift in Sources */,
				B9AFE7512765D23100B3605F /* SiteRequest.swift in Sources */,
			);
			runOnlyForDeploymentPostprocessing = 0;
		};
/* End PBXSourcesBuildPhase section */

/* Begin PBXVariantGroup section */
		B9AFE7402765CE8200B3605F /* Main.storyboard */ = {
			isa = PBXVariantGroup;
			children = (
				B9AFE7412765CE8200B3605F /* Base */,
			);
			name = Main.storyboard;
			sourceTree = "<group>";
		};
		B9AFE7452765CE8500B3605F /* LaunchScreen.storyboard */ = {
			isa = PBXVariantGroup;
			children = (
				B9AFE7462765CE8500B3605F /* Base */,
			);
			name = LaunchScreen.storyboard;
			sourceTree = "<group>";
		};
/* End PBXVariantGroup section */

/* Begin XCBuildConfiguration section */
		B9AFE7492765CE8500B3605F /* Debug */ = {
			isa = XCBuildConfiguration;
			buildSettings = {
				ALWAYS_SEARCH_USER_PATHS = NO;
				CLANG_ANALYZER_NONNULL = YES;
				CLANG_ANALYZER_NUMBER_OBJECT_CONVERSION = YES_AGGRESSIVE;
				CLANG_CXX_LANGUAGE_STANDARD = "gnu++14";
				CLANG_CXX_LIBRARY = "libc++";
				CLANG_ENABLE_MODULES = YES;
				CLANG_ENABLE_OBJC_ARC = YES;
				CLANG_ENABLE_OBJC_WEAK = YES;
				CLANG_WARN_BLOCK_CAPTURE_AUTORELEASING = YES;
				CLANG_WARN_BOOL_CONVERSION = YES;
				CLANG_WARN_COMMA = YES;
				CLANG_WARN_CONSTANT_CONVERSION = YES;
				CLANG_WARN_DEPRECATED_OBJC_IMPLEMENTATIONS = YES;
				CLANG_WARN_DIRECT_OBJC_ISA_USAGE = YES_ERROR;
				CLANG_WARN_DOCUMENTATION_COMMENTS = YES;
				CLANG_WARN_EMPTY_BODY = YES;
				CLANG_WARN_ENUM_CONVERSION = YES;
				CLANG_WARN_INFINITE_RECURSION = YES;
				CLANG_WARN_INT_CONVERSION = YES;
				CLANG_WARN_NON_LITERAL_NULL_CONVERSION = YES;
				CLANG_WARN_OBJC_IMPLICIT_RETAIN_SELF = YES;
				CLANG_WARN_OBJC_LITERAL_CONVERSION = YES;
				CLANG_WARN_OBJC_ROOT_CLASS = YES_ERROR;
				CLANG_WARN_QUOTED_INCLUDE_IN_FRAMEWORK_HEADER = YES;
				CLANG_WARN_RANGE_LOOP_ANALYSIS = YES;
				CLANG_WARN_STRICT_PROTOTYPES = YES;
				CLANG_WARN_SUSPICIOUS_MOVE = YES;
				CLANG_WARN_UNGUARDED_AVAILABILITY = YES_AGGRESSIVE;
				CLANG_WARN_UNREACHABLE_CODE = YES;
				CLANG_WARN__DUPLICATE_METHOD_MATCH = YES;
				COPY_PHASE_STRIP = NO;
				DEBUG_INFORMATION_FORMAT = dwarf;
				ENABLE_STRICT_OBJC_MSGSEND = YES;
				ENABLE_TESTABILITY = YES;
				GCC_C_LANGUAGE_STANDARD = gnu11;
				GCC_DYNAMIC_NO_PIC = NO;
				GCC_NO_COMMON_BLOCKS = YES;
				GCC_OPTIMIZATION_LEVEL = 0;
				GCC_PREPROCESSOR_DEFINITIONS = (
					"DEBUG=1",
					"$(inherited)",
				);
				GCC_WARN_64_TO_32_BIT_CONVERSION = YES;
				GCC_WARN_ABOUT_RETURN_TYPE = YES_ERROR;
				GCC_WARN_UNDECLARED_SELECTOR = YES;
				GCC_WARN_UNINITIALIZED_AUTOS = YES_AGGRESSIVE;
				GCC_WARN_UNUSED_FUNCTION = YES;
				GCC_WARN_UNUSED_VARIABLE = YES;
				IPHONEOS_DEPLOYMENT_TARGET = 14.5;
				MTL_ENABLE_DEBUG_INFO = INCLUDE_SOURCE;
				MTL_FAST_MATH = YES;
				ONLY_ACTIVE_ARCH = YES;
				SDKROOT = iphoneos;
				SWIFT_ACTIVE_COMPILATION_CONDITIONS = DEBUG;
				SWIFT_OPTIMIZATION_LEVEL = "-Onone";
			};
			name = Debug;
		};
		B9AFE74A2765CE8500B3605F /* Release */ = {
			isa = XCBuildConfiguration;
			buildSettings = {
				ALWAYS_SEARCH_USER_PATHS = NO;
				CLANG_ANALYZER_NONNULL = YES;
				CLANG_ANALYZER_NUMBER_OBJECT_CONVERSION = YES_AGGRESSIVE;
				CLANG_CXX_LANGUAGE_STANDARD = "gnu++14";
				CLANG_CXX_LIBRARY = "libc++";
				CLANG_ENABLE_MODULES = YES;
				CLANG_ENABLE_OBJC_ARC = YES;
				CLANG_ENABLE_OBJC_WEAK = YES;
				CLANG_WARN_BLOCK_CAPTURE_AUTORELEASING = YES;
				CLANG_WARN_BOOL_CONVERSION = YES;
				CLANG_WARN_COMMA = YES;
				CLANG_WARN_CONSTANT_CONVERSION = YES;
				CLANG_WARN_DEPRECATED_OBJC_IMPLEMENTATIONS = YES;
				CLANG_WARN_DIRECT_OBJC_ISA_USAGE = YES_ERROR;
				CLANG_WARN_DOCUMENTATION_COMMENTS = YES;
				CLANG_WARN_EMPTY_BODY = YES;
				CLANG_WARN_ENUM_CONVERSION = YES;
				CLANG_WARN_INFINITE_RECURSION = YES;
				CLANG_WARN_INT_CONVERSION = YES;
				CLANG_WARN_NON_LITERAL_NULL_CONVERSION = YES;
				CLANG_WARN_OBJC_IMPLICIT_RETAIN_SELF = YES;
				CLANG_WARN_OBJC_LITERAL_CONVERSION = YES;
				CLANG_WARN_OBJC_ROOT_CLASS = YES_ERROR;
				CLANG_WARN_QUOTED_INCLUDE_IN_FRAMEWORK_HEADER = YES;
				CLANG_WARN_RANGE_LOOP_ANALYSIS = YES;
				CLANG_WARN_STRICT_PROTOTYPES = YES;
				CLANG_WARN_SUSPICIOUS_MOVE = YES;
				CLANG_WARN_UNGUARDED_AVAILABILITY = YES_AGGRESSIVE;
				CLANG_WARN_UNREACHABLE_CODE = YES;
				CLANG_WARN__DUPLICATE_METHOD_MATCH = YES;
				COPY_PHASE_STRIP = NO;
				DEBUG_INFORMATION_FORMAT = "dwarf-with-dsym";
				ENABLE_NS_ASSERTIONS = NO;
				ENABLE_STRICT_OBJC_MSGSEND = YES;
				GCC_C_LANGUAGE_STANDARD = gnu11;
				GCC_NO_COMMON_BLOCKS = YES;
				GCC_WARN_64_TO_32_BIT_CONVERSION = YES;
				GCC_WARN_ABOUT_RETURN_TYPE = YES_ERROR;
				GCC_WARN_UNDECLARED_SELECTOR = YES;
				GCC_WARN_UNINITIALIZED_AUTOS = YES_AGGRESSIVE;
				GCC_WARN_UNUSED_FUNCTION = YES;
				GCC_WARN_UNUSED_VARIABLE = YES;
				IPHONEOS_DEPLOYMENT_TARGET = 14.5;
				MTL_ENABLE_DEBUG_INFO = NO;
				MTL_FAST_MATH = YES;
				SDKROOT = iphoneos;
				SWIFT_COMPILATION_MODE = wholemodule;
				SWIFT_OPTIMIZATION_LEVEL = "-O";
				VALIDATE_PRODUCT = YES;
			};
			name = Release;
		};
		B9AFE74C2765CE8500B3605F /* Debug */ = {
			isa = XCBuildConfiguration;
			buildSettings = {
				ASSETCATALOG_COMPILER_APPICON_NAME = AppIcon;
				ASSETCATALOG_COMPILER_GLOBAL_ACCENT_COLOR_NAME = AccentColor;
				CODE_SIGN_STYLE = Automatic;
				DEVELOPMENT_TEAM = C67R8SZ4HR;
				INFOPLIST_FILE = "Quiz14-01/Info.plist";
				LD_RUNPATH_SEARCH_PATHS = (
					"$(inherited)",
					"@executable_path/Frameworks",
				);
				PRODUCT_BUNDLE_IDENTIFIER = "com.swiftlec.Quiz14-01";
				PRODUCT_NAME = "$(TARGET_NAME)";
				SWIFT_VERSION = 5.0;
				TARGETED_DEVICE_FAMILY = "1,2";
			};
			name = Debug;
		};
		B9AFE74D2765CE8500B3605F /* Release */ = {
			isa = XCBuildConfiguration;
			buildSettings = {
				ASSETCATALOG_COMPILER_APPICON_NAME = AppIcon;
				ASSETCATALOG_COMPILER_GLOBAL_ACCENT_COLOR_NAME = AccentColor;
				CODE_SIGN_STYLE = Automatic;
				DEVELOPMENT_TEAM = C67R8SZ4HR;
				INFOPLIST_FILE = "Quiz14-01/Info.plist";
				LD_RUNPATH_SEARCH_PATHS = (
					"$(inherited)",
					"@executable_path/Frameworks",
				);
				PRODUCT_BUNDLE_IDENTIFIER = "com.swiftlec.Quiz14-01";
				PRODUCT_NAME = "$(TARGET_NAME)";
				SWIFT_VERSION = 5.0;
				TARGETED_DEVICE_FAMILY = "1,2";
			};
			name = Release;
		};
/* End XCBuildConfiguration section */

/* Begin XCConfigurationList section */
		B9AFE7322765CE8200B3605F /* Build configuration list for PBXProject "Quiz14-01" */ = {
			isa = XCConfigurationList;
			buildConfigurations = (
				B9AFE7492765CE8500B3605F /* Debug */,
				B9AFE74A2765CE8500B3605F /* Release */,
			);
			defaultConfigurationIsVisible = 0;
			defaultConfigurationName = Release;
		};
		B9AFE74B2765CE8500B3605F /* Build configuration list for PBXNativeTarget "Quiz14-01" */ = {
			isa = XCConfigurationList;
			buildConfigurations = (
				B9AFE74C2765CE8500B3605F /* Debug */,
				B9AFE74D2765CE8500B3605F /* Release */,
			);
			defaultConfigurationIsVisible = 0;
			defaultConfigurationName = Release;
		};
/* End XCConfigurationList section */
	};
	rootObject = B9AFE72F2765CE8200B3605F /* Project object */;
}
